// !$*UTF8*$!
{
	archiveVersion = 1;
	classes = {
	};
	objectVersion = 46;
	objects = {

/* Begin PBXBuildFile section */
		5993DDC71E2A01BE2D8FCC0D /* libPods-mypintUITests.a in Frameworks */ = {isa = PBXBuildFile; fileRef = 0FC0BF055AD10116616DE3F4 /* libPods-mypintUITests.a */; };
		B5F2B6BE3040369EE8A3741B /* libPods-mypint.a in Frameworks */ = {isa = PBXBuildFile; fileRef = 1691BD9FB3FE75AE4F23E7AB /* libPods-mypint.a */; };
		CBF159EFF63504240CB47A8D /* libPods-mypintTests.a in Frameworks */ = {isa = PBXBuildFile; fileRef = 0580E3B28F4501331FA36B90 /* libPods-mypintTests.a */; };
		F1A9C6211E67687A003D0009 /* main.m in Sources */ = {isa = PBXBuildFile; fileRef = F1A9C6201E67687A003D0009 /* main.m */; };
		F1A9C6241E67687A003D0009 /* AppDelegate.m in Sources */ = {isa = PBXBuildFile; fileRef = F1A9C6231E67687A003D0009 /* AppDelegate.m */; };
		F1A9C6271E67687A003D0009 /* ViewController.m in Sources */ = {isa = PBXBuildFile; fileRef = F1A9C6261E67687A003D0009 /* ViewController.m */; };
		F1A9C62A1E67687A003D0009 /* Main.storyboard in Resources */ = {isa = PBXBuildFile; fileRef = F1A9C6281E67687A003D0009 /* Main.storyboard */; };
		F1A9C62C1E67687A003D0009 /* Assets.xcassets in Resources */ = {isa = PBXBuildFile; fileRef = F1A9C62B1E67687A003D0009 /* Assets.xcassets */; };
		F1A9C62F1E67687A003D0009 /* LaunchScreen.storyboard in Resources */ = {isa = PBXBuildFile; fileRef = F1A9C62D1E67687A003D0009 /* LaunchScreen.storyboard */; };
		F1A9C63A1E67687A003D0009 /* mypintTests.m in Sources */ = {isa = PBXBuildFile; fileRef = F1A9C6391E67687A003D0009 /* mypintTests.m */; };
		F1A9C6451E67687A003D0009 /* mypintUITests.m in Sources */ = {isa = PBXBuildFile; fileRef = F1A9C6441E67687A003D0009 /* mypintUITests.m */; };
		F1A9C6581E677CB6003D0009 /* BoardsViewController.m in Sources */ = {isa = PBXBuildFile; fileRef = F1A9C6571E677CB6003D0009 /* BoardsViewController.m */; };
		F1A9C65B1E677CE0003D0009 /* PinsViewController.m in Sources */ = {isa = PBXBuildFile; fileRef = F1A9C65A1E677CE0003D0009 /* PinsViewController.m */; };
		F1A9C6611E67860B003D0009 /* PinCell.m in Sources */ = {isa = PBXBuildFile; fileRef = F1A9C6601E67860B003D0009 /* PinCell.m */; };
		F1A9C6641E67861E003D0009 /* BoardCell.m in Sources */ = {isa = PBXBuildFile; fileRef = F1A9C6631E67861E003D0009 /* BoardCell.m */; };
		F1A9C6661E679A3E003D0009 /* BoardCell.xib in Resources */ = {isa = PBXBuildFile; fileRef = F1A9C6651E679A3E003D0009 /* BoardCell.xib */; };
		F1F69CEB1E6811450013AFDF /* images in Resources */ = {isa = PBXBuildFile; fileRef = F1F69CEA1E6811450013AFDF /* images */; };
/* End PBXBuildFile section */

/* Begin PBXContainerItemProxy section */
		F1A9C6361E67687A003D0009 /* PBXContainerItemProxy */ = {
			isa = PBXContainerItemProxy;
			containerPortal = F1A9C6141E67687A003D0009 /* Project object */;
			proxyType = 1;
			remoteGlobalIDString = F1A9C61B1E67687A003D0009;
			remoteInfo = mypint;
		};
		F1A9C6411E67687A003D0009 /* PBXContainerItemProxy */ = {
			isa = PBXContainerItemProxy;
			containerPortal = F1A9C6141E67687A003D0009 /* Project object */;
			proxyType = 1;
			remoteGlobalIDString = F1A9C61B1E67687A003D0009;
			remoteInfo = mypint;
		};
/* End PBXContainerItemProxy section */

/* Begin PBXFileReference section */
		0580E3B28F4501331FA36B90 /* libPods-mypintTests.a */ = {isa = PBXFileReference; explicitFileType = archive.ar; includeInIndex = 0; path = "libPods-mypintTests.a"; sourceTree = BUILT_PRODUCTS_DIR; };
		0FC0BF055AD10116616DE3F4 /* libPods-mypintUITests.a */ = {isa = PBXFileReference; explicitFileType = archive.ar; includeInIndex = 0; path = "libPods-mypintUITests.a"; sourceTree = BUILT_PRODUCTS_DIR; };
		1691BD9FB3FE75AE4F23E7AB /* libPods-mypint.a */ = {isa = PBXFileReference; explicitFileType = archive.ar; includeInIndex = 0; path = "libPods-mypint.a"; sourceTree = BUILT_PRODUCTS_DIR; };
		57A3F1CD71ED39421D9804A0 /* Pods-mypintUITests.debug.xcconfig */ = {isa = PBXFileReference; includeInIndex = 1; lastKnownFileType = text.xcconfig; name = "Pods-mypintUITests.debug.xcconfig"; path = "Pods/Target Support Files/Pods-mypintUITests/Pods-mypintUITests.debug.xcconfig"; sourceTree = "<group>"; };
		77360B9605AEFA7AF2786D9A /* Pods-mypintTests.debug.xcconfig */ = {isa = PBXFileReference; includeInIndex = 1; lastKnownFileType = text.xcconfig; name = "Pods-mypintTests.debug.xcconfig"; path = "Pods/Target Support Files/Pods-mypintTests/Pods-mypintTests.debug.xcconfig"; sourceTree = "<group>"; };
		7D7494B185FB5EF4AA4173F8 /* Pods-mypintTests.release.xcconfig */ = {isa = PBXFileReference; includeInIndex = 1; lastKnownFileType = text.xcconfig; name = "Pods-mypintTests.release.xcconfig"; path = "Pods/Target Support Files/Pods-mypintTests/Pods-mypintTests.release.xcconfig"; sourceTree = "<group>"; };
		85E94842B9E0A863E167C72E /* Pods-mypint.debug.xcconfig */ = {isa = PBXFileReference; includeInIndex = 1; lastKnownFileType = text.xcconfig; name = "Pods-mypint.debug.xcconfig"; path = "Pods/Target Support Files/Pods-mypint/Pods-mypint.debug.xcconfig"; sourceTree = "<group>"; };
		8F78515658E0F513C6169C8F /* Pods-mypintUITests.release.xcconfig */ = {isa = PBXFileReference; includeInIndex = 1; lastKnownFileType = text.xcconfig; name = "Pods-mypintUITests.release.xcconfig"; path = "Pods/Target Support Files/Pods-mypintUITests/Pods-mypintUITests.release.xcconfig"; sourceTree = "<group>"; };
		A9BDC80C6B7EC0E88E6A8DF6 /* Pods-mypint.release.xcconfig */ = {isa = PBXFileReference; includeInIndex = 1; lastKnownFileType = text.xcconfig; name = "Pods-mypint.release.xcconfig"; path = "Pods/Target Support Files/Pods-mypint/Pods-mypint.release.xcconfig"; sourceTree = "<group>"; };
		F1A9C61C1E67687A003D0009 /* mypint.app */ = {isa = PBXFileReference; explicitFileType = wrapper.application; includeInIndex = 0; path = mypint.app; sourceTree = BUILT_PRODUCTS_DIR; };
		F1A9C6201E67687A003D0009 /* main.m */ = {isa = PBXFileReference; lastKnownFileType = sourcecode.c.objc; path = main.m; sourceTree = "<group>"; };
		F1A9C6221E67687A003D0009 /* AppDelegate.h */ = {isa = PBXFileReference; lastKnownFileType = sourcecode.c.h; path = AppDelegate.h; sourceTree = "<group>"; };
		F1A9C6231E67687A003D0009 /* AppDelegate.m */ = {isa = PBXFileReference; lastKnownFileType = sourcecode.c.objc; path = AppDelegate.m; sourceTree = "<group>"; };
		F1A9C6251E67687A003D0009 /* ViewController.h */ = {isa = PBXFileReference; lastKnownFileType = sourcecode.c.h; path = ViewController.h; sourceTree = "<group>"; };
		F1A9C6261E67687A003D0009 /* ViewController.m */ = {isa = PBXFileReference; lastKnownFileType = sourcecode.c.objc; path = ViewController.m; sourceTree = "<group>"; };
		F1A9C6291E67687A003D0009 /* Base */ = {isa = PBXFileReference; lastKnownFileType = file.storyboard; name = Base; path = Base.lproj/Main.storyboard; sourceTree = "<group>"; };
		F1A9C62B1E67687A003D0009 /* Assets.xcassets */ = {isa = PBXFileReference; lastKnownFileType = folder.assetcatalog; path = Assets.xcassets; sourceTree = "<group>"; };
		F1A9C62E1E67687A003D0009 /* Base */ = {isa = PBXFileReference; lastKnownFileType = file.storyboard; name = Base; path = Base.lproj/LaunchScreen.storyboard; sourceTree = "<group>"; };
		F1A9C6301E67687A003D0009 /* Info.plist */ = {isa = PBXFileReference; lastKnownFileType = text.plist.xml; path = Info.plist; sourceTree = "<group>"; };
		F1A9C6351E67687A003D0009 /* mypintTests.xctest */ = {isa = PBXFileReference; explicitFileType = wrapper.cfbundle; includeInIndex = 0; path = mypintTests.xctest; sourceTree = BUILT_PRODUCTS_DIR; };
		F1A9C6391E67687A003D0009 /* mypintTests.m */ = {isa = PBXFileReference; lastKnownFileType = sourcecode.c.objc; path = mypintTests.m; sourceTree = "<group>"; };
		F1A9C63B1E67687A003D0009 /* Info.plist */ = {isa = PBXFileReference; lastKnownFileType = text.plist.xml; path = Info.plist; sourceTree = "<group>"; };
		F1A9C6401E67687A003D0009 /* mypintUITests.xctest */ = {isa = PBXFileReference; explicitFileType = wrapper.cfbundle; includeInIndex = 0; path = mypintUITests.xctest; sourceTree = BUILT_PRODUCTS_DIR; };
		F1A9C6441E67687A003D0009 /* mypintUITests.m */ = {isa = PBXFileReference; lastKnownFileType = sourcecode.c.objc; path = mypintUITests.m; sourceTree = "<group>"; };
		F1A9C6461E67687A003D0009 /* Info.plist */ = {isa = PBXFileReference; lastKnownFileType = text.plist.xml; path = Info.plist; sourceTree = "<group>"; };
		F1A9C6531E6771CA003D0009 /* en */ = {isa = PBXFileReference; lastKnownFileType = text.plist.strings; name = en; path = en.lproj/LaunchScreen.strings; sourceTree = "<group>"; };
		F1A9C6561E677CB6003D0009 /* BoardsViewController.h */ = {isa = PBXFileReference; fileEncoding = 4; lastKnownFileType = sourcecode.c.h; path = BoardsViewController.h; sourceTree = "<group>"; };
		F1A9C6571E677CB6003D0009 /* BoardsViewController.m */ = {isa = PBXFileReference; fileEncoding = 4; lastKnownFileType = sourcecode.c.objc; path = BoardsViewController.m; sourceTree = "<group>"; };
		F1A9C6591E677CE0003D0009 /* PinsViewController.h */ = {isa = PBXFileReference; fileEncoding = 4; lastKnownFileType = sourcecode.c.h; path = PinsViewController.h; sourceTree = "<group>"; };
		F1A9C65A1E677CE0003D0009 /* PinsViewController.m */ = {isa = PBXFileReference; fileEncoding = 4; lastKnownFileType = sourcecode.c.objc; path = PinsViewController.m; sourceTree = "<group>"; };
		F1A9C65F1E67860B003D0009 /* PinCell.h */ = {isa = PBXFileReference; fileEncoding = 4; lastKnownFileType = sourcecode.c.h; path = PinCell.h; sourceTree = "<group>"; };
		F1A9C6601E67860B003D0009 /* PinCell.m */ = {isa = PBXFileReference; fileEncoding = 4; lastKnownFileType = sourcecode.c.objc; path = PinCell.m; sourceTree = "<group>"; };
		F1A9C6621E67861E003D0009 /* BoardCell.h */ = {isa = PBXFileReference; fileEncoding = 4; lastKnownFileType = sourcecode.c.h; path = BoardCell.h; sourceTree = "<group>"; };
		F1A9C6631E67861E003D0009 /* BoardCell.m */ = {isa = PBXFileReference; fileEncoding = 4; lastKnownFileType = sourcecode.c.objc; path = BoardCell.m; sourceTree = "<group>"; };
		F1A9C6651E679A3E003D0009 /* BoardCell.xib */ = {isa = PBXFileReference; fileEncoding = 4; lastKnownFileType = file.xib; path = BoardCell.xib; sourceTree = "<group>"; };
		F1F69CEA1E6811450013AFDF /* images */ = {isa = PBXFileReference; lastKnownFileType = folder; path = images; sourceTree = "<group>"; };
/* End PBXFileReference section */

/* Begin PBXFrameworksBuildPhase section */
		F1A9C6191E67687A003D0009 /* Frameworks */ = {
			isa = PBXFrameworksBuildPhase;
			buildActionMask = 2147483647;
			files = (
				B5F2B6BE3040369EE8A3741B /* libPods-mypint.a in Frameworks */,
			);
			runOnlyForDeploymentPostprocessing = 0;
		};
		F1A9C6321E67687A003D0009 /* Frameworks */ = {
			isa = PBXFrameworksBuildPhase;
			buildActionMask = 2147483647;
			files = (
				CBF159EFF63504240CB47A8D /* libPods-mypintTests.a in Frameworks */,
			);
			runOnlyForDeploymentPostprocessing = 0;
		};
		F1A9C63D1E67687A003D0009 /* Frameworks */ = {
			isa = PBXFrameworksBuildPhase;
			buildActionMask = 2147483647;
			files = (
				5993DDC71E2A01BE2D8FCC0D /* libPods-mypintUITests.a in Frameworks */,
			);
			runOnlyForDeploymentPostprocessing = 0;
		};
/* End PBXFrameworksBuildPhase section */

/* Begin PBXGroup section */
		4B60B9C24AEF2B7C6016AB77 /* Frameworks */ = {
			isa = PBXGroup;
			children = (
				1691BD9FB3FE75AE4F23E7AB /* libPods-mypint.a */,
				0580E3B28F4501331FA36B90 /* libPods-mypintTests.a */,
				0FC0BF055AD10116616DE3F4 /* libPods-mypintUITests.a */,
			);
			name = Frameworks;
			sourceTree = "<group>";
		};
		A96B645BBB00426798F8831A /* Pods */ = {
			isa = PBXGroup;
			children = (
				85E94842B9E0A863E167C72E /* Pods-mypint.debug.xcconfig */,
				A9BDC80C6B7EC0E88E6A8DF6 /* Pods-mypint.release.xcconfig */,
				77360B9605AEFA7AF2786D9A /* Pods-mypintTests.debug.xcconfig */,
				7D7494B185FB5EF4AA4173F8 /* Pods-mypintTests.release.xcconfig */,
				57A3F1CD71ED39421D9804A0 /* Pods-mypintUITests.debug.xcconfig */,
				8F78515658E0F513C6169C8F /* Pods-mypintUITests.release.xcconfig */,
			);
			name = Pods;
			sourceTree = "<group>";
		};
		F1A9C6131E67687A003D0009 = {
			isa = PBXGroup;
			children = (
				F1F69CEA1E6811450013AFDF /* images */,
				F1A9C61E1E67687A003D0009 /* mypint */,
				F1A9C6381E67687A003D0009 /* mypintTests */,
				F1A9C6431E67687A003D0009 /* mypintUITests */,
				F1A9C61D1E67687A003D0009 /* Products */,
				A96B645BBB00426798F8831A /* Pods */,
				4B60B9C24AEF2B7C6016AB77 /* Frameworks */,
			);
			sourceTree = "<group>";
		};
		F1A9C61D1E67687A003D0009 /* Products */ = {
			isa = PBXGroup;
			children = (
				F1A9C61C1E67687A003D0009 /* mypint.app */,
				F1A9C6351E67687A003D0009 /* mypintTests.xctest */,
				F1A9C6401E67687A003D0009 /* mypintUITests.xctest */,
			);
			name = Products;
			sourceTree = "<group>";
		};
		F1A9C61E1E67687A003D0009 /* mypint */ = {
			isa = PBXGroup;
			children = (
				F1A9C6221E67687A003D0009 /* AppDelegate.h */,
				F1A9C6231E67687A003D0009 /* AppDelegate.m */,
				F1A9C6251E67687A003D0009 /* ViewController.h */,
				F1A9C6261E67687A003D0009 /* ViewController.m */,
				F1A9C6561E677CB6003D0009 /* BoardsViewController.h */,
				F1A9C6571E677CB6003D0009 /* BoardsViewController.m */,
				F1A9C6591E677CE0003D0009 /* PinsViewController.h */,
				F1A9C65A1E677CE0003D0009 /* PinsViewController.m */,
				F1A9C65F1E67860B003D0009 /* PinCell.h */,
				F1A9C6601E67860B003D0009 /* PinCell.m */,
				F1A9C6621E67861E003D0009 /* BoardCell.h */,
				F1A9C6631E67861E003D0009 /* BoardCell.m */,
				F1A9C6281E67687A003D0009 /* Main.storyboard */,
				F1A9C6651E679A3E003D0009 /* BoardCell.xib */,
				F1A9C62B1E67687A003D0009 /* Assets.xcassets */,
				F1A9C62D1E67687A003D0009 /* LaunchScreen.storyboard */,
				F1A9C6301E67687A003D0009 /* Info.plist */,
				F1A9C61F1E67687A003D0009 /* Supporting Files */,
			);
			path = mypint;
			sourceTree = "<group>";
		};
		F1A9C61F1E67687A003D0009 /* Supporting Files */ = {
			isa = PBXGroup;
			children = (
				F1A9C6201E67687A003D0009 /* main.m */,
			);
			name = "Supporting Files";
			sourceTree = "<group>";
		};
		F1A9C6381E67687A003D0009 /* mypintTests */ = {
			isa = PBXGroup;
			children = (
				F1A9C6391E67687A003D0009 /* mypintTests.m */,
				F1A9C63B1E67687A003D0009 /* Info.plist */,
			);
			path = mypintTests;
			sourceTree = "<group>";
		};
		F1A9C6431E67687A003D0009 /* mypintUITests */ = {
			isa = PBXGroup;
			children = (
				F1A9C6441E67687A003D0009 /* mypintUITests.m */,
				F1A9C6461E67687A003D0009 /* Info.plist */,
			);
			path = mypintUITests;
			sourceTree = "<group>";
		};
/* End PBXGroup section */

/* Begin PBXNativeTarget section */
		F1A9C61B1E67687A003D0009 /* mypint */ = {
			isa = PBXNativeTarget;
			buildConfigurationList = F1A9C6491E67687A003D0009 /* Build configuration list for PBXNativeTarget "mypint" */;
			buildPhases = (
				03365499FFF48AD655EB1433 /* [CP] Check Pods Manifest.lock */,
				F1A9C6181E67687A003D0009 /* Sources */,
				F1A9C6191E67687A003D0009 /* Frameworks */,
				F1A9C61A1E67687A003D0009 /* Resources */,
				C636A03D2547581CA984A350 /* [CP] Embed Pods Frameworks */,
				13825601046C3B83544CA552 /* [CP] Copy Pods Resources */,
			);
			buildRules = (
			);
			dependencies = (
			);
			name = mypint;
			productName = mypint;
			productReference = F1A9C61C1E67687A003D0009 /* mypint.app */;
			productType = "com.apple.product-type.application";
		};
		F1A9C6341E67687A003D0009 /* mypintTests */ = {
			isa = PBXNativeTarget;
			buildConfigurationList = F1A9C64C1E67687A003D0009 /* Build configuration list for PBXNativeTarget "mypintTests" */;
			buildPhases = (
				1ED125B2BAAE4A929560912C /* [CP] Check Pods Manifest.lock */,
				F1A9C6311E67687A003D0009 /* Sources */,
				F1A9C6321E67687A003D0009 /* Frameworks */,
				F1A9C6331E67687A003D0009 /* Resources */,
				5654DB973C6F2EA8CE856A2D /* [CP] Embed Pods Frameworks */,
				3B15C090A7B5141BAED6C4CF /* [CP] Copy Pods Resources */,
			);
			buildRules = (
			);
			dependencies = (
				F1A9C6371E67687A003D0009 /* PBXTargetDependency */,
			);
			name = mypintTests;
			productName = mypintTests;
			productReference = F1A9C6351E67687A003D0009 /* mypintTests.xctest */;
			productType = "com.apple.product-type.bundle.unit-test";
		};
		F1A9C63F1E67687A003D0009 /* mypintUITests */ = {
			isa = PBXNativeTarget;
			buildConfigurationList = F1A9C64F1E67687A003D0009 /* Build configuration list for PBXNativeTarget "mypintUITests" */;
			buildPhases = (
				4B7D70F9AA1FC73031053665 /* [CP] Check Pods Manifest.lock */,
				F1A9C63C1E67687A003D0009 /* Sources */,
				F1A9C63D1E67687A003D0009 /* Frameworks */,
				F1A9C63E1E67687A003D0009 /* Resources */,
				8D065D3D4DBCCA755F30A936 /* [CP] Embed Pods Frameworks */,
				0DCF517F951E5CF8EC5EF3A8 /* [CP] Copy Pods Resources */,
			);
			buildRules = (
			);
			dependencies = (
				F1A9C6421E67687A003D0009 /* PBXTargetDependency */,
			);
			name = mypintUITests;
			productName = mypintUITests;
			productReference = F1A9C6401E67687A003D0009 /* mypintUITests.xctest */;
			productType = "com.apple.product-type.bundle.ui-testing";
		};
/* End PBXNativeTarget section */

/* Begin PBXProject section */
		F1A9C6141E67687A003D0009 /* Project object */ = {
			isa = PBXProject;
			attributes = {
				LastUpgradeCheck = 0820;
				ORGANIZATIONNAME = "Salome Chamma";
				TargetAttributes = {
					F1A9C61B1E67687A003D0009 = {
						CreatedOnToolsVersion = 8.2.1;
						ProvisioningStyle = Automatic;
					};
					F1A9C6341E67687A003D0009 = {
						CreatedOnToolsVersion = 8.2.1;
						ProvisioningStyle = Automatic;
						TestTargetID = F1A9C61B1E67687A003D0009;
					};
					F1A9C63F1E67687A003D0009 = {
						CreatedOnToolsVersion = 8.2.1;
						ProvisioningStyle = Automatic;
						TestTargetID = F1A9C61B1E67687A003D0009;
					};
				};
			};
			buildConfigurationList = F1A9C6171E67687A003D0009 /* Build configuration list for PBXProject "mypint" */;
			compatibilityVersion = "Xcode 3.2";
			developmentRegion = English;
			hasScannedForEncodings = 0;
			knownRegions = (
				en,
				Base,
			);
			mainGroup = F1A9C6131E67687A003D0009;
			productRefGroup = F1A9C61D1E67687A003D0009 /* Products */;
			projectDirPath = "";
			projectRoot = "";
			targets = (
				F1A9C61B1E67687A003D0009 /* mypint */,
				F1A9C6341E67687A003D0009 /* mypintTests */,
				F1A9C63F1E67687A003D0009 /* mypintUITests */,
			);
		};
/* End PBXProject section */

/* Begin PBXResourcesBuildPhase section */
		F1A9C61A1E67687A003D0009 /* Resources */ = {
			isa = PBXResourcesBuildPhase;
			buildActionMask = 2147483647;
			files = (
				F1F69CEB1E6811450013AFDF /* images in Resources */,
				F1A9C62F1E67687A003D0009 /* LaunchScreen.storyboard in Resources */,
				F1A9C62C1E67687A003D0009 /* Assets.xcassets in Resources */,
				F1A9C6661E679A3E003D0009 /* BoardCell.xib in Resources */,
				F1A9C62A1E67687A003D0009 /* Main.storyboard in Resources */,
			);
			runOnlyForDeploymentPostprocessing = 0;
		};
		F1A9C6331E67687A003D0009 /* Resources */ = {
			isa = PBXResourcesBuildPhase;
			buildActionMask = 2147483647;
			files = (
			);
			runOnlyForDeploymentPostprocessing = 0;
		};
		F1A9C63E1E67687A003D0009 /* Resources */ = {
			isa = PBXResourcesBuildPhase;
			buildActionMask = 2147483647;
			files = (
			);
			runOnlyForDeploymentPostprocessing = 0;
		};
/* End PBXResourcesBuildPhase section */

/* Begin PBXShellScriptBuildPhase section */
		03365499FFF48AD655EB1433 /* [CP] Check Pods Manifest.lock */ = {
			isa = PBXShellScriptBuildPhase;
			buildActionMask = 2147483647;
			files = (
			);
			inputPaths = (
			);
			name = "[CP] Check Pods Manifest.lock";
			outputPaths = (
			);
			runOnlyForDeploymentPostprocessing = 0;
			shellPath = /bin/sh;
			shellScript = "diff \"${PODS_ROOT}/../Podfile.lock\" \"${PODS_ROOT}/Manifest.lock\" > /dev/null\nif [ $? != 0 ] ; then\n    # print error to STDERR\n    echo \"error: The sandbox is not in sync with the Podfile.lock. Run 'pod install' or update your CocoaPods installation.\" >&2\n    exit 1\nfi\n";
			showEnvVarsInLog = 0;
		};
		0DCF517F951E5CF8EC5EF3A8 /* [CP] Copy Pods Resources */ = {
			isa = PBXShellScriptBuildPhase;
			buildActionMask = 2147483647;
			files = (
			);
			inputPaths = (
			);
			name = "[CP] Copy Pods Resources";
			outputPaths = (
			);
			runOnlyForDeploymentPostprocessing = 0;
			shellPath = /bin/sh;
			shellScript = "\"${SRCROOT}/Pods/Target Support Files/Pods-mypintUITests/Pods-mypintUITests-resources.sh\"\n";
			showEnvVarsInLog = 0;
		};
		13825601046C3B83544CA552 /* [CP] Copy Pods Resources */ = {
			isa = PBXShellScriptBuildPhase;
			buildActionMask = 2147483647;
			files = (
			);
			inputPaths = (
			);
			name = "[CP] Copy Pods Resources";
			outputPaths = (
			);
			runOnlyForDeploymentPostprocessing = 0;
			shellPath = /bin/sh;
			shellScript = "\"${SRCROOT}/Pods/Target Support Files/Pods-mypint/Pods-mypint-resources.sh\"\n";
			showEnvVarsInLog = 0;
		};
		1ED125B2BAAE4A929560912C /* [CP] Check Pods Manifest.lock */ = {
			isa = PBXShellScriptBuildPhase;
			buildActionMask = 2147483647;
			files = (
			);
			inputPaths = (
			);
			name = "[CP] Check Pods Manifest.lock";
			outputPaths = (
			);
			runOnlyForDeploymentPostprocessing = 0;
			shellPath = /bin/sh;
			shellScript = "diff \"${PODS_ROOT}/../Podfile.lock\" \"${PODS_ROOT}/Manifest.lock\" > /dev/null\nif [ $? != 0 ] ; then\n    # print error to STDERR\n    echo \"error: The sandbox is not in sync with the Podfile.lock. Run 'pod install' or update your CocoaPods installation.\" >&2\n    exit 1\nfi\n";
			showEnvVarsInLog = 0;
		};
		3B15C090A7B5141BAED6C4CF /* [CP] Copy Pods Resources */ = {
			isa = PBXShellScriptBuildPhase;
			buildActionMask = 2147483647;
			files = (
			);
			inputPaths = (
			);
			name = "[CP] Copy Pods Resources";
			outputPaths = (
			);
			runOnlyForDeploymentPostprocessing = 0;
			shellPath = /bin/sh;
			shellScript = "\"${SRCROOT}/Pods/Target Support Files/Pods-mypintTests/Pods-mypintTests-resources.sh\"\n";
			showEnvVarsInLog = 0;
		};
		4B7D70F9AA1FC73031053665 /* [CP] Check Pods Manifest.lock */ = {
			isa = PBXShellScriptBuildPhase;
			buildActionMask = 2147483647;
			files = (
			);
			inputPaths = (
			);
			name = "[CP] Check Pods Manifest.lock";
			outputPaths = (
			);
			runOnlyForDeploymentPostprocessing = 0;
			shellPath = /bin/sh;
			shellScript = "diff \"${PODS_ROOT}/../Podfile.lock\" \"${PODS_ROOT}/Manifest.lock\" > /dev/null\nif [ $? != 0 ] ; then\n    # print error to STDERR\n    echo \"error: The sandbox is not in sync with the Podfile.lock. Run 'pod install' or update your CocoaPods installation.\" >&2\n    exit 1\nfi\n";
			showEnvVarsInLog = 0;
		};
		5654DB973C6F2EA8CE856A2D /* [CP] Embed Pods Frameworks */ = {
			isa = PBXShellScriptBuildPhase;
			buildActionMask = 2147483647;
			files = (
			);
			inputPaths = (
			);
			name = "[CP] Embed Pods Frameworks";
			outputPaths = (
			);
			runOnlyForDeploymentPostprocessing = 0;
			shellPath = /bin/sh;
			shellScript = "\"${SRCROOT}/Pods/Target Support Files/Pods-mypintTests/Pods-mypintTests-frameworks.sh\"\n";
			showEnvVarsInLog = 0;
		};
		8D065D3D4DBCCA755F30A936 /* [CP] Embed Pods Frameworks */ = {
			isa = PBXShellScriptBuildPhase;
			buildActionMask = 2147483647;
			files = (
			);
			inputPaths = (
			);
			name = "[CP] Embed Pods Frameworks";
			outputPaths = (
			);
			runOnlyForDeploymentPostprocessing = 0;
			shellPath = /bin/sh;
			shellScript = "\"${SRCROOT}/Pods/Target Support Files/Pods-mypintUITests/Pods-mypintUITests-frameworks.sh\"\n";
			showEnvVarsInLog = 0;
		};
		C636A03D2547581CA984A350 /* [CP] Embed Pods Frameworks */ = {
			isa = PBXShellScriptBuildPhase;
			buildActionMask = 2147483647;
			files = (
			);
			inputPaths = (
			);
			name = "[CP] Embed Pods Frameworks";
			outputPaths = (
			);
			runOnlyForDeploymentPostprocessing = 0;
			shellPath = /bin/sh;
			shellScript = "\"${SRCROOT}/Pods/Target Support Files/Pods-mypint/Pods-mypint-frameworks.sh\"\n";
			showEnvVarsInLog = 0;
		};
/* End PBXShellScriptBuildPhase section */

/* Begin PBXSourcesBuildPhase section */
		F1A9C6181E67687A003D0009 /* Sources */ = {
			isa = PBXSourcesBuildPhase;
			buildActionMask = 2147483647;
			files = (
				F1A9C6641E67861E003D0009 /* BoardCell.m in Sources */,
				F1A9C6271E67687A003D0009 /* ViewController.m in Sources */,
				F1A9C6241E67687A003D0009 /* AppDelegate.m in Sources */,
				F1A9C6211E67687A003D0009 /* main.m in Sources */,
				F1A9C6611E67860B003D0009 /* PinCell.m in Sources */,
				F1A9C6581E677CB6003D0009 /* BoardsViewController.m in Sources */,
				F1A9C65B1E677CE0003D0009 /* PinsViewController.m in Sources */,
			);
			runOnlyForDeploymentPostprocessing = 0;
		};
		F1A9C6311E67687A003D0009 /* Sources */ = {
			isa = PBXSourcesBuildPhase;
			buildActionMask = 2147483647;
			files = (
				F1A9C63A1E67687A003D0009 /* mypintTests.m in Sources */,
			);
			runOnlyForDeploymentPostprocessing = 0;
		};
		F1A9C63C1E67687A003D0009 /* Sources */ = {
			isa = PBXSourcesBuildPhase;
			buildActionMask = 2147483647;
			files = (
				F1A9C6451E67687A003D0009 /* mypintUITests.m in Sources */,
			);
			runOnlyForDeploymentPostprocessing = 0;
		};
/* End PBXSourcesBuildPhase section */

/* Begin PBXTargetDependency section */
		F1A9C6371E67687A003D0009 /* PBXTargetDependency */ = {
			isa = PBXTargetDependency;
			target = F1A9C61B1E67687A003D0009 /* mypint */;
			targetProxy = F1A9C6361E67687A003D0009 /* PBXContainerItemProxy */;
		};
		F1A9C6421E67687A003D0009 /* PBXTargetDependency */ = {
			isa = PBXTargetDependency;
			target = F1A9C61B1E67687A003D0009 /* mypint */;
			targetProxy = F1A9C6411E67687A003D0009 /* PBXContainerItemProxy */;
		};
/* End PBXTargetDependency section */

/* Begin PBXVariantGroup section */
		F1A9C6281E67687A003D0009 /* Main.storyboard */ = {
			isa = PBXVariantGroup;
			children = (
				F1A9C6291E67687A003D0009 /* Base */,
			);
			name = Main.storyboard;
			sourceTree = "<group>";
		};
		F1A9C62D1E67687A003D0009 /* LaunchScreen.storyboard */ = {
			isa = PBXVariantGroup;
			children = (
				F1A9C62E1E67687A003D0009 /* Base */,
				F1A9C6531E6771CA003D0009 /* en */,
			);
			name = LaunchScreen.storyboard;
			sourceTree = "<group>";
		};
/* End PBXVariantGroup section */

/* Begin XCBuildConfiguration section */
		F1A9C6471E67687A003D0009 /* Debug */ = {
			isa = XCBuildConfiguration;
			buildSettings = {
				ALWAYS_SEARCH_USER_PATHS = NO;
				CLANG_ANALYZER_NONNULL = YES;
				CLANG_CXX_LANGUAGE_STANDARD = "gnu++0x";
				CLANG_CXX_LIBRARY = "libc++";
				CLANG_ENABLE_MODULES = YES;
				CLANG_ENABLE_OBJC_ARC = YES;
				CLANG_WARN_BOOL_CONVERSION = YES;
				CLANG_WARN_CONSTANT_CONVERSION = YES;
				CLANG_WARN_DIRECT_OBJC_ISA_USAGE = YES_ERROR;
				CLANG_WARN_DOCUMENTATION_COMMENTS = YES;
				CLANG_WARN_EMPTY_BODY = YES;
				CLANG_WARN_ENUM_CONVERSION = YES;
				CLANG_WARN_INFINITE_RECURSION = YES;
				CLANG_WARN_INT_CONVERSION = YES;
				CLANG_WARN_OBJC_ROOT_CLASS = YES_ERROR;
				CLANG_WARN_SUSPICIOUS_MOVE = YES;
				CLANG_WARN_UNREACHABLE_CODE = YES;
				CLANG_WARN__DUPLICATE_METHOD_MATCH = YES;
				"CODE_SIGN_IDENTITY[sdk=iphoneos*]" = "iPhone Developer";
				COPY_PHASE_STRIP = NO;
				DEBUG_INFORMATION_FORMAT = dwarf;
				ENABLE_STRICT_OBJC_MSGSEND = YES;
				ENABLE_TESTABILITY = YES;
				GCC_C_LANGUAGE_STANDARD = gnu99;
				GCC_DYNAMIC_NO_PIC = NO;
				GCC_NO_COMMON_BLOCKS = YES;
				GCC_OPTIMIZATION_LEVEL = 0;
				GCC_PREPROCESSOR_DEFINITIONS = (
					"DEBUG=1",
					"$(inherited)",
				);
				GCC_WARN_64_TO_32_BIT_CONVERSION = YES;
				GCC_WARN_ABOUT_RETURN_TYPE = YES_ERROR;
				GCC_WARN_UNDECLARED_SELECTOR = YES;
				GCC_WARN_UNINITIALIZED_AUTOS = YES_AGGRESSIVE;
				GCC_WARN_UNUSED_FUNCTION = YES;
				GCC_WARN_UNUSED_VARIABLE = YES;
				IPHONEOS_DEPLOYMENT_TARGET = 10.2;
				MTL_ENABLE_DEBUG_INFO = YES;
				ONLY_ACTIVE_ARCH = YES;
				SDKROOT = iphoneos;
				TARGETED_DEVICE_FAMILY = "1,2";
			};
			name = Debug;
		};
		F1A9C6481E67687A003D0009 /* Release */ = {
			isa = XCBuildConfiguration;
			buildSettings = {
				ALWAYS_SEARCH_USER_PATHS = NO;
				CLANG_ANALYZER_NONNULL = YES;
				CLANG_CXX_LANGUAGE_STANDARD = "gnu++0x";
				CLANG_CXX_LIBRARY = "libc++";
				CLANG_ENABLE_MODULES = YES;
				CLANG_ENABLE_OBJC_ARC = YES;
				CLANG_WARN_BOOL_CONVERSION = YES;
				CLANG_WARN_CONSTANT_CONVERSION = YES;
				CLANG_WARN_DIRECT_OBJC_ISA_USAGE = YES_ERROR;
				CLANG_WARN_DOCUMENTATION_COMMENTS = YES;
				CLANG_WARN_EMPTY_BODY = YES;
				CLANG_WARN_ENUM_CONVERSION = YES;
				CLANG_WARN_INFINITE_RECURSION = YES;
				CLANG_WARN_INT_CONVERSION = YES;
				CLANG_WARN_OBJC_ROOT_CLASS = YES_ERROR;
				CLANG_WARN_SUSPICIOUS_MOVE = YES;
				CLANG_WARN_UNREACHABLE_CODE = YES;
				CLANG_WARN__DUPLICATE_METHOD_MATCH = YES;
				"CODE_SIGN_IDENTITY[sdk=iphoneos*]" = "iPhone Developer";
				COPY_PHASE_STRIP = NO;
				DEBUG_INFORMATION_FORMAT = "dwarf-with-dsym";
				ENABLE_NS_ASSERTIONS = NO;
				ENABLE_STRICT_OBJC_MSGSEND = YES;
				GCC_C_LANGUAGE_STANDARD = gnu99;
				GCC_NO_COMMON_BLOCKS = YES;
				GCC_WARN_64_TO_32_BIT_CONVERSION = YES;
				GCC_WARN_ABOUT_RETURN_TYPE = YES_ERROR;
				GCC_WARN_UNDECLARED_SELECTOR = YES;
				GCC_WARN_UNINITIALIZED_AUTOS = YES_AGGRESSIVE;
				GCC_WARN_UNUSED_FUNCTION = YES;
				GCC_WARN_UNUSED_VARIABLE = YES;
				IPHONEOS_DEPLOYMENT_TARGET = 10.2;
				MTL_ENABLE_DEBUG_INFO = NO;
				SDKROOT = iphoneos;
				TARGETED_DEVICE_FAMILY = "1,2";
				VALIDATE_PRODUCT = YES;
			};
			name = Release;
		};
		F1A9C64A1E67687A003D0009 /* Debug */ = {
			isa = XCBuildConfiguration;
			baseConfigurationReference = 85E94842B9E0A863E167C72E /* Pods-mypint.debug.xcconfig */;
			buildSettings = {
				ASSETCATALOG_COMPILER_APPICON_NAME = AppIcon;
				INFOPLIST_FILE = mypint/Info.plist;
				LD_RUNPATH_SEARCH_PATHS = "$(inherited) @executable_path/Frameworks";
				PRODUCT_BUNDLE_IDENTIFIER = salome.mypint;
				PRODUCT_NAME = "$(TARGET_NAME)";
			};
			name = Debug;
		};
		F1A9C64B1E67687A003D0009 /* Release */ = {
			isa = XCBuildConfiguration;
			baseConfigurationReference = A9BDC80C6B7EC0E88E6A8DF6 /* Pods-mypint.release.xcconfig */;
			buildSettings = {
				ASSETCATALOG_COMPILER_APPICON_NAME = AppIcon;
				INFOPLIST_FILE = mypint/Info.plist;
				LD_RUNPATH_SEARCH_PATHS = "$(inherited) @executable_path/Frameworks";
				PRODUCT_BUNDLE_IDENTIFIER = salome.mypint;
				PRODUCT_NAME = "$(TARGET_NAME)";
			};
			name = Release;
		};
		F1A9C64D1E67687A003D0009 /* Debug */ = {
			isa = XCBuildConfiguration;
			baseConfigurationReference = 77360B9605AEFA7AF2786D9A /* Pods-mypintTests.debug.xcconfig */;
			buildSettings = {
				BUNDLE_LOADER = "$(TEST_HOST)";
				INFOPLIST_FILE = mypintTests/Info.plist;
				LD_RUNPATH_SEARCH_PATHS = "$(inherited) @executable_path/Frameworks @loader_path/Frameworks";
				PRODUCT_BUNDLE_IDENTIFIER = salome.mypintTests;
				PRODUCT_NAME = "$(TARGET_NAME)";
				TEST_HOST = "$(BUILT_PRODUCTS_DIR)/mypint.app/mypint";
			};
			name = Debug;
		};
		F1A9C64E1E67687A003D0009 /* Release */ = {
			isa = XCBuildConfiguration;
			baseConfigurationReference = 7D7494B185FB5EF4AA4173F8 /* Pods-mypintTests.release.xcconfig */;
			buildSettings = {
				BUNDLE_LOADER = "$(TEST_HOST)";
				INFOPLIST_FILE = mypintTests/Info.plist;
				LD_RUNPATH_SEARCH_PATHS = "$(inherited) @executable_path/Frameworks @loader_path/Frameworks";
				PRODUCT_BUNDLE_IDENTIFIER = salome.mypintTests;
				PRODUCT_NAME = "$(TARGET_NAME)";
				TEST_HOST = "$(BUILT_PRODUCTS_DIR)/mypint.app/mypint";
			};
			name = Release;
		};
		F1A9C6501E67687A003D0009 /* Debug */ = {
			isa = XCBuildConfiguration;
			baseConfigurationReference = 57A3F1CD71ED39421D9804A0 /* Pods-mypintUITests.debug.xcconfig */;
			buildSettings = {
				INFOPLIST_FILE = mypintUITests/Info.plist;
				LD_RUNPATH_SEARCH_PATHS = "$(inherited) @executable_path/Frameworks @loader_path/Frameworks";
				PRODUCT_BUNDLE_IDENTIFIER = salome.mypintUITests;
				PRODUCT_NAME = "$(TARGET_NAME)";
				TEST_TARGET_NAME = mypint;
			};
			name = Debug;
		};
		F1A9C6511E67687A003D0009 /* Release */ = {
			isa = XCBuildConfiguration;
			baseConfigurationReference = 8F78515658E0F513C6169C8F /* Pods-mypintUITests.release.xcconfig */;
			buildSettings = {
				INFOPLIST_FILE = mypintUITests/Info.plist;
				LD_RUNPATH_SEARCH_PATHS = "$(inherited) @executable_path/Frameworks @loader_path/Frameworks";
				PRODUCT_BUNDLE_IDENTIFIER = salome.mypintUITests;
				PRODUCT_NAME = "$(TARGET_NAME)";
				TEST_TARGET_NAME = mypint;
			};
			name = Release;
		};
/* End XCBuildConfiguration section */

/* Begin XCConfigurationList section */
		F1A9C6171E67687A003D0009 /* Build configuration list for PBXProject "mypint" */ = {
			isa = XCConfigurationList;
			buildConfigurations = (
				F1A9C6471E67687A003D0009 /* Debug */,
				F1A9C6481E67687A003D0009 /* Release */,
			);
			defaultConfigurationIsVisible = 0;
			defaultConfigurationName = Release;
		};
		F1A9C6491E67687A003D0009 /* Build configuration list for PBXNativeTarget "mypint" */ = {
			isa = XCConfigurationList;
			buildConfigurations = (
				F1A9C64A1E67687A003D0009 /* Debug */,
				F1A9C64B1E67687A003D0009 /* Release */,
			);
			defaultConfigurationIsVisible = 0;
			defaultConfigurationName = Release;
		};
		F1A9C64C1E67687A003D0009 /* Build configuration list for PBXNativeTarget "mypintTests" */ = {
			isa = XCConfigurationList;
			buildConfigurations = (
				F1A9C64D1E67687A003D0009 /* Debug */,
				F1A9C64E1E67687A003D0009 /* Release */,
			);
			defaultConfigurationIsVisible = 0;
			defaultConfigurationName = Release;
		};
		F1A9C64F1E67687A003D0009 /* Build configuration list for PBXNativeTarget "mypintUITests" */ = {
			isa = XCConfigurationList;
			buildConfigurations = (
				F1A9C6501E67687A003D0009 /* Debug */,
				F1A9C6511E67687A003D0009 /* Release */,
			);
			defaultConfigurationIsVisible = 0;
			defaultConfigurationName = Release;
		};
/* End XCConfigurationList section */
	};
	rootObject = F1A9C6141E67687A003D0009 /* Project object */;
}
